
Microsoft Visual Studio Solution File, Format Version 12.00
# Visual Studio Version 16
VisualStudioVersion = 16.0.29102.190
MinimumVisualStudioVersion = 10.0.40219.1
Project("{FAE04EC0-301F-11D3-BF4B-00C04F79EFBC}") = "CrossGaming.Business", "CrossGaming.Business\CrossGaming.Business.csproj", "{45186FE7-B095-4E33-A566-F4FB86CCEE72}"
EndProject
Project("{FAE04EC0-301F-11D3-BF4B-00C04F79EFBC}") = "CrossGaming.DataAccess", "CrossGaming.DataAccess\CrossGaming.DataAccess.csproj", "{45BA5621-295F-4A31-8184-F640B4139CEA}"
EndProject
Project("{FAE04EC0-301F-11D3-BF4B-00C04F79EFBC}") = "CrossGaming.Entity", "CrossGaming.Entity\CrossGaming.Entity.csproj", "{50C2D610-683E-4DDC-9D61-3BEBB8B118B8}"
EndProject
Project("{FAE04EC0-301F-11D3-BF4B-00C04F79EFBC}") = "CrossGaming.Core", "CrossGaming.Core\CrossGaming.Core.csproj", "{1B418F32-76D0-40A1-B403-25350EDAEB04}"
EndProject
Project("{FAE04EC0-301F-11D3-BF4B-00C04F79EFBC}") = "CrossGaming.API", "CrossGaming.API\CrossGaming.API.csproj", "{22DECF42-8CC5-4FDB-BA74-4CD58D2D8B7F}"
EndProject
Global
	GlobalSection(SolutionConfigurationPlatforms) = preSolution
		Debug|Any CPU = Debug|Any CPU
		Release|Any CPU = Release|Any CPU
	EndGlobalSection
	GlobalSection(ProjectConfigurationPlatforms) = postSolution
		{45186FE7-B095-4E33-A566-F4FB86CCEE72}.Debug|Any CPU.ActiveCfg = Debug|Any CPU
		{45186FE7-B095-4E33-A566-F4FB86CCEE72}.Debug|Any CPU.Build.0 = Debug|Any CPU
		{45186FE7-B095-4E33-A566-F4FB86CCEE72}.Release|Any CPU.ActiveCfg = Release|Any CPU
		{45186FE7-B095-4E33-A566-F4FB86CCEE72}.Release|Any CPU.Build.0 = Release|Any CPU
		{45BA5621-295F-4A31-8184-F640B4139CEA}.Debug|Any CPU.ActiveCfg = Debug|Any CPU
		{45BA5621-295F-4A31-8184-F640B4139CEA}.Debug|Any CPU.Build.0 = Debug|Any CPU
		{45BA5621-295F-4A31-8184-F640B4139CEA}.Release|Any CPU.ActiveCfg = Release|Any CPU
		{45BA5621-295F-4A31-8184-F640B4139CEA}.Release|Any CPU.Build.0 = Release|Any CPU
		{50C2D610-683E-4DDC-9D61-3BEBB8B118B8}.Debug|Any CPU.ActiveCfg = Debug|Any CPU
		{50C2D610-683E-4DDC-9D61-3BEBB8B118B8}.Debug|Any CPU.Build.0 = Debug|Any CPU
		{50C2D610-683E-4DDC-9D61-3BEBB8B118B8}.Release|Any CPU.ActiveCfg = Release|Any CPU
		{50C2D610-683E-4DDC-9D61-3BEBB8B118B8}.Release|Any CPU.Build.0 = Release|Any CPU
		{1B418F32-76D0-40A1-B403-25350EDAEB04}.Debug|Any CPU.ActiveCfg = Debug|Any CPU
		{1B418F32-76D0-40A1-B403-25350EDAEB04}.Debug|Any CPU.Build.0 = Debug|Any CPU
		{1B418F32-76D0-40A1-B403-25350EDAEB04}.Release|Any CPU.ActiveCfg = Release|Any CPU
		{1B418F32-76D0-40A1-B403-25350EDAEB04}.Release|Any CPU.Build.0 = Release|Any CPU
		{22DECF42-8CC5-4FDB-BA74-4CD58D2D8B7F}.Debug|Any CPU.ActiveCfg = Debug|Any CPU
		{22DECF42-8CC5-4FDB-BA74-4CD58D2D8B7F}.Debug|Any CPU.Build.0 = Debug|Any CPU
		{22DECF42-8CC5-4FDB-BA74-4CD58D2D8B7F}.Release|Any CPU.ActiveCfg = Release|Any CPU
		{22DECF42-8CC5-4FDB-BA74-4CD58D2D8B7F}.Release|Any CPU.Build.0 = Release|Any CPU
	EndGlobalSection
	GlobalSection(SolutionProperties) = preSolution
		HideSolutionNode = FALSE
	EndGlobalSection
	GlobalSection(ExtensibilityGlobals) = postSolution
		SolutionGuid = {7375BE76-6226-4319-AA63-141405643C10}
	EndGlobalSection
EndGlobal
